
Microsoft Visual Studio Solution File, Format Version 12.00
# Visual Studio 14
VisualStudioVersion = 14.0.24720.0
MinimumVisualStudioVersion = 10.0.40219.1
Project("{FAE04EC0-301F-11D3-BF4B-00C04F79EFBC}") = "Game", "Game\Game.csproj", "{2790C0AC-18D7-4B13-8C84-3FA10B857976}"
EndProject
Project("{FAE04EC0-301F-11D3-BF4B-00C04F79EFBC}") = "Player.AI.Random", "AI.Random\Player.AI.Random.csproj", "{24F3F6DA-672B-4A4F-ABC1-9DD2BA61D2FA}"
EndProject
Project("{FAE04EC0-301F-11D3-BF4B-00C04F79EFBC}") = "Common", "Common\Common.csproj", "{9EAF5299-5D05-49EA-B127-B7E312684810}"
EndProject
Project("{FAE04EC0-301F-11D3-BF4B-00C04F79EFBC}") = "Player.AI.Intelligent", "AI.Intelligent\Player.AI.Intelligent.csproj", "{2F4CACD3-7ECA-426D-948D-AD12843BC479}"
EndProject
Project("{FAE04EC0-301F-11D3-BF4B-00C04F79EFBC}") = "Data", "Data\Data.csproj", "{37B72455-8A8A-427D-B476-ED97E1AF0E76}"
EndProject
Project("{FAE04EC0-301F-11D3-BF4B-00C04F79EFBC}") = "Player", "Player\Player.csproj", "{2F928210-92C9-4344-ACD3-92B91AF93CA8}"
EndProject
Project("{FAE04EC0-301F-11D3-BF4B-00C04F79EFBC}") = "Player.Human", "Player.Human\Player.Human.csproj", "{BA045B23-A98D-4B28-A506-C9B1FA668902}"
EndProject
Project("{FAE04EC0-301F-11D3-BF4B-00C04F79EFBC}") = "Player.AI.Neat", "Player.AI.Neat\Player.AI.Neat.csproj", "{1D21D65A-0213-4D63-8CE4-5354B46176D1}"
EndProject
Project("{FAE04EC0-301F-11D3-BF4B-00C04F79EFBC}") = "Player.AI.Neat.Trainer", "Player.AI.Neat.Trainer\Player.AI.Neat.Trainer.csproj", "{6BB6F16C-4D61-40EF-9A0A-6A0844791AB1}"
EndProject
Project("{FAE04EC0-301F-11D3-BF4B-00C04F79EFBC}") = "Player.AI.Neat.Trainer.Gui", "Player.AI.Neat.Trainer.Gui\Player.AI.Neat.Trainer.Gui.csproj", "{B5D7571F-63D0-4046-A76C-99E9CA8A7E60}"
EndProject
Project("{FAE04EC0-301F-11D3-BF4B-00C04F79EFBC}") = "Game.Console", "Game.Console\Game.Console.csproj", "{CBCC73BC-2A52-4669-B4E7-7560057D6CFE}"
EndProject
Project("{FAE04EC0-301F-11D3-BF4B-00C04F79EFBC}") = "Player.AI.Neat.Trainer.Console", "Player.AI.Neat.Trainer.Console\Player.AI.Neat.Trainer.Console.csproj", "{66DC3AB7-EB47-4638-BEE7-5751AACDE259}"
EndProject
Global
	GlobalSection(SolutionConfigurationPlatforms) = preSolution
		Debug|Any CPU = Debug|Any CPU
		Release|Any CPU = Release|Any CPU
	EndGlobalSection
	GlobalSection(ProjectConfigurationPlatforms) = postSolution
		{2790C0AC-18D7-4B13-8C84-3FA10B857976}.Debug|Any CPU.ActiveCfg = Debug|Any CPU
		{2790C0AC-18D7-4B13-8C84-3FA10B857976}.Debug|Any CPU.Build.0 = Debug|Any CPU
		{2790C0AC-18D7-4B13-8C84-3FA10B857976}.Release|Any CPU.ActiveCfg = Release|Any CPU
		{2790C0AC-18D7-4B13-8C84-3FA10B857976}.Release|Any CPU.Build.0 = Release|Any CPU
		{24F3F6DA-672B-4A4F-ABC1-9DD2BA61D2FA}.Debug|Any CPU.ActiveCfg = Debug|Any CPU
		{24F3F6DA-672B-4A4F-ABC1-9DD2BA61D2FA}.Debug|Any CPU.Build.0 = Debug|Any CPU
		{24F3F6DA-672B-4A4F-ABC1-9DD2BA61D2FA}.Release|Any CPU.ActiveCfg = Release|Any CPU
		{24F3F6DA-672B-4A4F-ABC1-9DD2BA61D2FA}.Release|Any CPU.Build.0 = Release|Any CPU
		{9EAF5299-5D05-49EA-B127-B7E312684810}.Debug|Any CPU.ActiveCfg = Debug|Any CPU
		{9EAF5299-5D05-49EA-B127-B7E312684810}.Debug|Any CPU.Build.0 = Debug|Any CPU
		{9EAF5299-5D05-49EA-B127-B7E312684810}.Release|Any CPU.ActiveCfg = Release|Any CPU
		{9EAF5299-5D05-49EA-B127-B7E312684810}.Release|Any CPU.Build.0 = Release|Any CPU
		{2F4CACD3-7ECA-426D-948D-AD12843BC479}.Debug|Any CPU.ActiveCfg = Debug|Any CPU
		{2F4CACD3-7ECA-426D-948D-AD12843BC479}.Debug|Any CPU.Build.0 = Debug|Any CPU
		{2F4CACD3-7ECA-426D-948D-AD12843BC479}.Release|Any CPU.ActiveCfg = Release|Any CPU
		{2F4CACD3-7ECA-426D-948D-AD12843BC479}.Release|Any CPU.Build.0 = Release|Any CPU
		{37B72455-8A8A-427D-B476-ED97E1AF0E76}.Debug|Any CPU.ActiveCfg = Debug|Any CPU
		{37B72455-8A8A-427D-B476-ED97E1AF0E76}.Debug|Any CPU.Build.0 = Debug|Any CPU
		{37B72455-8A8A-427D-B476-ED97E1AF0E76}.Release|Any CPU.ActiveCfg = Release|Any CPU
		{37B72455-8A8A-427D-B476-ED97E1AF0E76}.Release|Any CPU.Build.0 = Release|Any CPU
		{2F928210-92C9-4344-ACD3-92B91AF93CA8}.Debug|Any CPU.ActiveCfg = Debug|Any CPU
		{2F928210-92C9-4344-ACD3-92B91AF93CA8}.Debug|Any CPU.Build.0 = Debug|Any CPU
		{2F928210-92C9-4344-ACD3-92B91AF93CA8}.Release|Any CPU.ActiveCfg = Release|Any CPU
		{2F928210-92C9-4344-ACD3-92B91AF93CA8}.Release|Any CPU.Build.0 = Release|Any CPU
		{BA045B23-A98D-4B28-A506-C9B1FA668902}.Debug|Any CPU.ActiveCfg = Debug|Any CPU
		{BA045B23-A98D-4B28-A506-C9B1FA668902}.Debug|Any CPU.Build.0 = Debug|Any CPU
		{BA045B23-A98D-4B28-A506-C9B1FA668902}.Release|Any CPU.ActiveCfg = Release|Any CPU
		{BA045B23-A98D-4B28-A506-C9B1FA668902}.Release|Any CPU.Build.0 = Release|Any CPU
		{1D21D65A-0213-4D63-8CE4-5354B46176D1}.Debug|Any CPU.ActiveCfg = Debug|Any CPU
		{1D21D65A-0213-4D63-8CE4-5354B46176D1}.Debug|Any CPU.Build.0 = Debug|Any CPU
		{1D21D65A-0213-4D63-8CE4-5354B46176D1}.Release|Any CPU.ActiveCfg = Release|Any CPU
		{1D21D65A-0213-4D63-8CE4-5354B46176D1}.Release|Any CPU.Build.0 = Release|Any CPU
		{6BB6F16C-4D61-40EF-9A0A-6A0844791AB1}.Debug|Any CPU.ActiveCfg = Debug|Any CPU
		{6BB6F16C-4D61-40EF-9A0A-6A0844791AB1}.Debug|Any CPU.Build.0 = Debug|Any CPU
		{6BB6F16C-4D61-40EF-9A0A-6A0844791AB1}.Release|Any CPU.ActiveCfg = Release|Any CPU
		{6BB6F16C-4D61-40EF-9A0A-6A0844791AB1}.Release|Any CPU.Build.0 = Release|Any CPU
		{B5D7571F-63D0-4046-A76C-99E9CA8A7E60}.Debug|Any CPU.ActiveCfg = Debug|Any CPU
		{B5D7571F-63D0-4046-A76C-99E9CA8A7E60}.Debug|Any CPU.Build.0 = Debug|Any CPU
		{B5D7571F-63D0-4046-A76C-99E9CA8A7E60}.Release|Any CPU.ActiveCfg = Release|Any CPU
		{B5D7571F-63D0-4046-A76C-99E9CA8A7E60}.Release|Any CPU.Build.0 = Release|Any CPU
		{CBCC73BC-2A52-4669-B4E7-7560057D6CFE}.Debug|Any CPU.ActiveCfg = Debug|Any CPU
		{CBCC73BC-2A52-4669-B4E7-7560057D6CFE}.Debug|Any CPU.Build.0 = Debug|Any CPU
		{CBCC73BC-2A52-4669-B4E7-7560057D6CFE}.Release|Any CPU.ActiveCfg = Release|Any CPU
		{CBCC73BC-2A52-4669-B4E7-7560057D6CFE}.Release|Any CPU.Build.0 = Release|Any CPU
		{66DC3AB7-EB47-4638-BEE7-5751AACDE259}.Debug|Any CPU.ActiveCfg = Debug|Any CPU
		{66DC3AB7-EB47-4638-BEE7-5751AACDE259}.Debug|Any CPU.Build.0 = Debug|Any CPU
		{66DC3AB7-EB47-4638-BEE7-5751AACDE259}.Release|Any CPU.ActiveCfg = Release|Any CPU
		{66DC3AB7-EB47-4638-BEE7-5751AACDE259}.Release|Any CPU.Build.0 = Release|Any CPU
	EndGlobalSection
	GlobalSection(SolutionProperties) = preSolution
		HideSolutionNode = FALSE
	EndGlobalSection
EndGlobal
